
Microsoft Visual Studio Solution File, Format Version 12.00
# Visual Studio 15
VisualStudioVersion = 15.0.28307.271
MinimumVisualStudioVersion = 10.0.40219.1
Project("{FAE04EC0-301F-11D3-BF4B-00C04F79EFBC}") = "PrimerParcialAplication", "PrimerParcialAplication\PrimerParcialAplication.csproj", "{1F7D9EB9-EFB0-4AC7-828E-EC5F42E55619}"
EndProject
Project("{FAE04EC0-301F-11D3-BF4B-00C04F79EFBC}") = "PrimerParcialAplication.Tests", "PrimerParcialAplication.Tests\PrimerParcialAplication.Tests.csproj", "{9A42A3F8-FA9E-40CB-AB9C-36C52162449A}"
EndProject
Global
	GlobalSection(SolutionConfigurationPlatforms) = preSolution
		Debug|Any CPU = Debug|Any CPU
		Release|Any CPU = Release|Any CPU
	EndGlobalSection
	GlobalSection(ProjectConfigurationPlatforms) = postSolution
		{1F7D9EB9-EFB0-4AC7-828E-EC5F42E55619}.Debug|Any CPU.ActiveCfg = Debug|Any CPU
		{1F7D9EB9-EFB0-4AC7-828E-EC5F42E55619}.Debug|Any CPU.Build.0 = Debug|Any CPU
		{1F7D9EB9-EFB0-4AC7-828E-EC5F42E55619}.Release|Any CPU.ActiveCfg = Release|Any CPU
		{1F7D9EB9-EFB0-4AC7-828E-EC5F42E55619}.Release|Any CPU.Build.0 = Release|Any CPU
		{9A42A3F8-FA9E-40CB-AB9C-36C52162449A}.Debug|Any CPU.ActiveCfg = Debug|Any CPU
		{9A42A3F8-FA9E-40CB-AB9C-36C52162449A}.Debug|Any CPU.Build.0 = Debug|Any CPU
		{9A42A3F8-FA9E-40CB-AB9C-36C52162449A}.Release|Any CPU.ActiveCfg = Release|Any CPU
		{9A42A3F8-FA9E-40CB-AB9C-36C52162449A}.Release|Any CPU.Build.0 = Release|Any CPU
	EndGlobalSection
	GlobalSection(SolutionProperties) = preSolution
		HideSolutionNode = FALSE
	EndGlobalSection
	GlobalSection(ExtensibilityGlobals) = postSolution
		SolutionGuid = {5A92F4D0-C4BA-48D1-9662-023677415847}
	EndGlobalSection
EndGlobal
